<?xml version="1.0" encoding="utf-8"?>
<Project ToolsVersion="4.0" xmlns="http://schemas.microsoft.com/developer/msbuild/2003">
  <ItemGroup>
    <Filter Include="mLibHeader">
      <UniqueIdentifier>{569ec575-1bb8-492b-9e9f-0248ce674c34}</UniqueIdentifier>
    </Filter>
    <Filter Include="mLibHeader\core-base">
      <UniqueIdentifier>{ca9cff61-1097-4bab-a7cd-ef28a2d68f1d}</UniqueIdentifier>
    </Filter>
    <Filter Include="tests">
      <UniqueIdentifier>{a1cc98bd-ad38-47fc-bba7-6dd0e142187b}</UniqueIdentifier>
    </Filter>
    <Filter Include="mLibHeader\core-util">
      <UniqueIdentifier>{0040808b-2df2-4c81-8488-c897d1fe54c2}</UniqueIdentifier>
    </Filter>
    <Filter Include="mLibHeader\core-math">
      <UniqueIdentifier>{db48bfcf-9130-4df7-8c1a-f5ef3b168b57}</UniqueIdentifier>
    </Filter>
    <Filter Include="mLibHeader\ext-eigen">
      <UniqueIdentifier>{1454aea4-d797-49b0-8a5e-bbd21cdbbc40}</UniqueIdentifier>
    </Filter>
    <Filter Include="mLibHeader\ext-ANN">
      <UniqueIdentifier>{15c97299-a156-4581-a39d-450885e339c7}</UniqueIdentifier>
    </Filter>
    <Filter Include="mLibHeader\core-multithreading">
      <UniqueIdentifier>{6806ce57-37ce-4d82-9121-60d3e46b6e09}</UniqueIdentifier>
    </Filter>
    <Filter Include="mLibHeader\core-graphics">
      <UniqueIdentifier>{89597fa9-63ab-451e-a2da-cced69cc82ee}</UniqueIdentifier>
    </Filter>
    <Filter Include="mLibHeader\ext-zlib">
      <UniqueIdentifier>{f41f6b9b-583f-4a7e-9d1f-c5adb408ec03}</UniqueIdentifier>
    </Filter>
  </ItemGroup>
  <ItemGroup>
    <ClCompile Include="main.cpp" />
    <ClCompile Include="mLibSource.cpp" />
    <ClCompile Include="broken.cpp" />
  </ItemGroup>
  <ItemGroup>
    <ClInclude Include="..\include\core-base\classList.h">
      <Filter>mLibHeader\core-base</Filter>
    </ClInclude>
    <ClInclude Include="..\include\core-base\vector.h">
      <Filter>mLibHeader\core-base</Filter>
    </ClInclude>
    <ClInclude Include="mLibInclude.h" />
    <ClInclude Include="main.h" />
    <ClInclude Include="testVector.h">
      <Filter>tests</Filter>
    </ClInclude>
    <ClInclude Include="..\include\core-base\common.h">
      <Filter>mLibHeader\core-base</Filter>
    </ClInclude>
    <ClInclude Include="testUtility.h">
      <Filter>tests</Filter>
    </ClInclude>
    <ClInclude Include="..\include\mLibCore.h">
      <Filter>mLibHeader</Filter>
    </ClInclude>
    <ClInclude Include="..\include\core-util\directory.h">
      <Filter>mLibHeader\core-util</Filter>
    </ClInclude>
    <ClInclude Include="..\include\core-util\utility.h">
      <Filter>mLibHeader\core-util</Filter>
    </ClInclude>
    <ClInclude Include="testMath.h">
      <Filter>tests</Filter>
    </ClInclude>
    <ClInclude Include="..\include\core-math\sparseMatrix.h">
      <Filter>mLibHeader\core-math</Filter>
    </ClInclude>
    <ClInclude Include="..\include\core-math\linearSolver.h">
      <Filter>mLibHeader\core-math</Filter>
    </ClInclude>
    <ClInclude Include="..\include\core-math\point1d.h">
      <Filter>mLibHeader\core-math</Filter>
    </ClInclude>
    <ClInclude Include="..\include\core-math\point2d.h">
      <Filter>mLibHeader\core-math</Filter>
    </ClInclude>
    <ClInclude Include="..\include\core-math\point3d.h">
      <Filter>mLibHeader\core-math</Filter>
    </ClInclude>
    <ClInclude Include="..\include\core-math\point4d.h">
      <Filter>mLibHeader\core-math</Filter>
    </ClInclude>
    <ClInclude Include="..\include\core-math\point6d.h">
      <Filter>mLibHeader\core-math</Filter>
    </ClInclude>
    <ClInclude Include="..\include\mLibANN.h">
      <Filter>mLibHeader</Filter>
    </ClInclude>
    <ClInclude Include="testANN.h">
      <Filter>tests</Filter>
    </ClInclude>
    <ClInclude Include="..\include\mLibEigen.h">
      <Filter>mLibHeader</Filter>
    </ClInclude>
    <ClInclude Include="..\include\ext-eigen\eigenSolver.h">
      <Filter>mLibHeader\ext-eigen</Filter>
    </ClInclude>
    <ClInclude Include="..\include\ext-eigen\eigenUtility.h">
      <Filter>mLibHeader\ext-eigen</Filter>
    </ClInclude>
    <ClInclude Include="..\include\ext-ANN\nearestNeighborSearchANN.h">
      <Filter>mLibHeader\ext-ANN</Filter>
    </ClInclude>
    <ClInclude Include="..\include\core-util\nearestNeighborSearch.h">
      <Filter>mLibHeader\core-util</Filter>
    </ClInclude>
    <ClInclude Include="..\include\core-util\clock.h">
      <Filter>mLibHeader\core-util</Filter>
    </ClInclude>
    <ClInclude Include="..\include\core-util\commandLineReader.h">
      <Filter>mLibHeader\core-util</Filter>
    </ClInclude>
    <ClInclude Include="..\include\core-multithreading\taskList.h">
      <Filter>mLibHeader\core-multithreading</Filter>
    </ClInclude>
    <ClInclude Include="..\include\core-multithreading\threadPool.h">
      <Filter>mLibHeader\core-multithreading</Filter>
    </ClInclude>
    <ClInclude Include="..\include\core-multithreading\workerThread.h">
      <Filter>mLibHeader\core-multithreading</Filter>
    </ClInclude>
    <ClInclude Include="..\include\core-multithreading\mutex.h">
      <Filter>mLibHeader\core-multithreading</Filter>
    </ClInclude>
    <ClInclude Include="..\include\core-math\kMeansClustering.h">
      <Filter>mLibHeader\core-math</Filter>
    </ClInclude>
    <ClInclude Include="..\include\core-graphics\RGBColor.h">
      <Filter>mLibHeader\core-graphics</Filter>
    </ClInclude>
    <ClInclude Include="..\include\mLibLodePNG.h">
      <Filter>mLibHeader</Filter>
    </ClInclude>
    <ClInclude Include="testLodePNG.h">
      <Filter>tests</Filter>
    </ClInclude>
    <ClInclude Include="..\include\core-math\denseMatrix.h">
      <Filter>mLibHeader\core-math</Filter>
    </ClInclude>
    <ClInclude Include="..\include\core-util\stringUtil.h">
      <Filter>mLibHeader\core-util</Filter>
    </ClInclude>
    <ClInclude Include="..\include\core-math\matrix2x2.h">
      <Filter>mLibHeader\core-math</Filter>
    </ClInclude>
    <ClInclude Include="..\include\core-math\matrix3x3.h">
      <Filter>mLibHeader\core-math</Filter>
    </ClInclude>
    <ClInclude Include="..\include\core-math\matrix4x4.h">
      <Filter>mLibHeader\core-math</Filter>
    </ClInclude>
    <ClInclude Include="..\include\core-util\binaryDataCompressor.h">
      <Filter>mLibHeader\core-util</Filter>
    </ClInclude>
    <ClInclude Include="..\include\core-util\binaryDataSerialize.h">
      <Filter>mLibHeader\core-util</Filter>
    </ClInclude>
    <ClInclude Include="..\include\core-util\binaryDataStream.h">
      <Filter>mLibHeader\core-util</Filter>
    </ClInclude>
    <ClInclude Include="..\include\core-util\calibratedSensorData.h">
      <Filter>mLibHeader\core-util</Filter>
    </ClInclude>
    <ClInclude Include="..\include\core-util\binaryDataBuffer.h">
      <Filter>mLibHeader\core-util</Filter>
    </ClInclude>
    <ClInclude Include="..\include\ext-zlib\ZLibWrapper.h">
      <Filter>mLibHeader\ext-zlib</Filter>
    </ClInclude>
    <ClInclude Include="testBinaryStream.h">
      <Filter>tests</Filter>
    </ClInclude>
    <ClInclude Include="..\include\core-base\grid2d.h">
      <Filter>mLibHeader\core-base</Filter>
    </ClInclude>
    <ClInclude Include="..\include\core-base\grid3d.h">
      <Filter>mLibHeader\core-base</Filter>
    </ClInclude>
    <ClInclude Include="..\include\core-util\sparseGrid3d.h">
      <Filter>mLibHeader\core-util</Filter>
    </ClInclude>
    <ClInclude Include="..\include\core-math\rng.h">
      <Filter>mLibHeader\core-math</Filter>
    </ClInclude>
  </ItemGroup>
  <ItemGroup>
    <Text Include="notes.txt" />
    <Text Include="console.txt" />
  </ItemGroup>
</Project>