<?xml version="1.0" encoding="utf-8"?>
<Project ToolsVersion="4.0" xmlns="http://schemas.microsoft.com/developer/msbuild/2003">
  <ItemGroup>
    <Filter Include="mLibHeader">
      <UniqueIdentifier>{4c5526ff-9213-4f4f-80e1-fe88278c8b83}</UniqueIdentifier>
    </Filter>
    <Filter Include="mLibHeader\core-base">
      <UniqueIdentifier>{7f2ee88f-7ae9-4603-a195-060206b4fca4}</UniqueIdentifier>
    </Filter>
    <Filter Include="mLibHeader\application-D3D11">
      <UniqueIdentifier>{51fd6b4c-eb65-4ca3-9e07-0354d892179d}</UniqueIdentifier>
    </Filter>
    <Filter Include="mLibHeader\core-math">
      <UniqueIdentifier>{a8945759-7745-448f-8299-e8590104a310}</UniqueIdentifier>
    </Filter>
  </ItemGroup>
  <ItemGroup>
    <ClInclude Include="..\include\mLibCore.h">
      <Filter>mLibHeader</Filter>
    </ClInclude>
    <ClInclude Include="main.h" />
    <ClInclude Include="mLibInclude.h" />
    <ClInclude Include="..\include\mLibD3D11.h">
      <Filter>mLibHeader</Filter>
    </ClInclude>
    <ClInclude Include="appTest.h" />
    <ClInclude Include="..\include\application-base\applicationWin32.h">
      <Filter>mLibHeader</Filter>
    </ClInclude>
    <ClInclude Include="..\include\application-base\graphicsAsset.h">
      <Filter>mLibHeader</Filter>
    </ClInclude>
    <ClInclude Include="..\include\application-base\graphicsDevice.h">
      <Filter>mLibHeader</Filter>
    </ClInclude>
    <ClInclude Include="..\include\application-base\windowWin32.h">
      <Filter>mLibHeader</Filter>
    </ClInclude>
    <ClInclude Include="..\include\core-base\classList.h">
      <Filter>mLibHeader\core-base</Filter>
    </ClInclude>
    <ClInclude Include="..\include\core-base\common.h">
      <Filter>mLibHeader\core-base</Filter>
    </ClInclude>
    <ClInclude Include="..\include\core-base\console.h">
      <Filter>mLibHeader\core-base</Filter>
    </ClInclude>
    <ClInclude Include="..\include\core-base\grid.h">
      <Filter>mLibHeader\core-base</Filter>
    </ClInclude>
    <ClInclude Include="..\include\core-base\string.h">
      <Filter>mLibHeader\core-base</Filter>
    </ClInclude>
    <ClInclude Include="..\include\core-base\vector.h">
      <Filter>mLibHeader\core-base</Filter>
    </ClInclude>
    <ClInclude Include="..\include\application-d3d11\D3D11PixelShader.h">
      <Filter>mLibHeader\application-D3D11</Filter>
    </ClInclude>
    <ClInclude Include="..\include\application-d3d11\D3D11VertexShader.h">
      <Filter>mLibHeader\application-D3D11</Filter>
    </ClInclude>
    <ClInclude Include="..\include\application-d3d11\D3D11Utility.h">
      <Filter>mLibHeader\application-D3D11</Filter>
    </ClInclude>
    <ClInclude Include="..\include\application-d3d11\D3D11GraphicsDevice.h">
      <Filter>mLibHeader\application-D3D11</Filter>
    </ClInclude>
    <ClInclude Include="..\include\application-d3d11\D3D11TriMesh.h">
      <Filter>mLibHeader\application-D3D11</Filter>
    </ClInclude>
    <ClInclude Include="..\include\core-math\denseMatrix.h">
      <Filter>mLibHeader\core-math</Filter>
    </ClInclude>
    <ClInclude Include="..\include\core-math\kMeansClustering.h">
      <Filter>mLibHeader\core-math</Filter>
    </ClInclude>
    <ClInclude Include="..\include\core-math\linearSolver.h">
      <Filter>mLibHeader\core-math</Filter>
    </ClInclude>
    <ClInclude Include="..\include\core-math\matrix4.h">
      <Filter>mLibHeader\core-math</Filter>
    </ClInclude>
    <ClInclude Include="..\include\core-math\point1d.h">
      <Filter>mLibHeader\core-math</Filter>
    </ClInclude>
    <ClInclude Include="..\include\core-math\point2d.h">
      <Filter>mLibHeader\core-math</Filter>
    </ClInclude>
    <ClInclude Include="..\include\core-math\point3d.h">
      <Filter>mLibHeader\core-math</Filter>
    </ClInclude>
    <ClInclude Include="..\include\core-math\point4d.h">
      <Filter>mLibHeader\core-math</Filter>
    </ClInclude>
    <ClInclude Include="..\include\core-math\point6d.h">
      <Filter>mLibHeader\core-math</Filter>
    </ClInclude>
    <ClInclude Include="..\include\core-math\sparseMatrix.h">
      <Filter>mLibHeader\core-math</Filter>
    </ClInclude>
  </ItemGroup>
  <ItemGroup>
    <ClCompile Include="mLibSource.cpp" />
    <ClCompile Include="winMain.cpp" />
    <ClCompile Include="appTest.cpp" />
  </ItemGroup>
  <ItemGroup>
    <Text Include="console.txt" />
  </ItemGroup>
</Project>